Microsoft Visual Studio Solution File, Format Version 12.00
# Visual Studio Version 17
VisualStudioVersion = 17.5.2.0
MinimumVisualStudioVersion = 10.0.40219.1
Project("{FAE04EC0-301F-11D3-BF4B-00C04F79EFBC}") = "TareasCSharp", "TareasCSharp.csproj", "{C8ECD8D1-BA48-2914-7F4A-FC8E763D807D}"
EndProject
Global
	GlobalSection(SolutionConfigurationPlatforms) = preSolution
		Debug|Any CPU = Debug|Any CPU
		Release|Any CPU = Release|Any CPU
	EndGlobalSection
	GlobalSection(ProjectConfigurationPlatforms) = postSolution
		{C8ECD8D1-BA48-2914-7F4A-FC8E763D807D}.Debug|Any CPU.ActiveCfg = Debug|Any CPU
		{C8ECD8D1-BA48-2914-7F4A-FC8E763D807D}.Debug|Any CPU.Build.0 = Debug|Any CPU
		{C8ECD8D1-BA48-2914-7F4A-FC8E763D807D}.Release|Any CPU.ActiveCfg = Release|Any CPU
		{C8ECD8D1-BA48-2914-7F4A-FC8E763D807D}.Release|Any CPU.Build.0 = Release|Any CPU
	EndGlobalSection
	GlobalSection(SolutionProperties) = preSolution
		HideSolutionNode = FALSE
	EndGlobalSection
	GlobalSection(ExtensibilityGlobals) = postSolution
		SolutionGuid = {AFBDA3B1-6ED0-4909-8B92-0BEE93E97D87}
	EndGlobalSection
EndGlobal
